
Microsoft Visual Studio Solution File, Format Version 12.00
# Visual Studio Version 17
VisualStudioVersion = 17.6.33723.286
MinimumVisualStudioVersion = 10.0.40219.1
Project("{FAE04EC0-301F-11D3-BF4B-00C04F79EFBC}") = "OGCSharpParser", "OGCSharpParser\OGCSharpParser.csproj", "{F5B21933-0845-4047-9F13-AA180CF0AF47}"
EndProject
Project("{FAE04EC0-301F-11D3-BF4B-00C04F79EFBC}") = "OGCSharpParserTest", "OGCSharpParserTest\OGCSharpParserTest.csproj", "{3900BAB2-8541-4C2C-9C99-486B39FCB868}"
	ProjectSection(ProjectDependencies) = postProject
		{F5B21933-0845-4047-9F13-AA180CF0AF47} = {F5B21933-0845-4047-9F13-AA180CF0AF47}
	EndProjectSection
EndProject
Global
	GlobalSection(SolutionConfigurationPlatforms) = preSolution
		Debug|Any CPU = Debug|Any CPU
		Release|Any CPU = Release|Any CPU
	EndGlobalSection
	GlobalSection(ProjectConfigurationPlatforms) = postSolution
		{F5B21933-0845-4047-9F13-AA180CF0AF47}.Debug|Any CPU.ActiveCfg = Debug|Any CPU
		{F5B21933-0845-4047-9F13-AA180CF0AF47}.Debug|Any CPU.Build.0 = Debug|Any CPU
		{F5B21933-0845-4047-9F13-AA180CF0AF47}.Release|Any CPU.ActiveCfg = Release|Any CPU
		{F5B21933-0845-4047-9F13-AA180CF0AF47}.Release|Any CPU.Build.0 = Release|Any CPU
		{3900BAB2-8541-4C2C-9C99-486B39FCB868}.Debug|Any CPU.ActiveCfg = Debug|Any CPU
		{3900BAB2-8541-4C2C-9C99-486B39FCB868}.Debug|Any CPU.Build.0 = Debug|Any CPU
		{3900BAB2-8541-4C2C-9C99-486B39FCB868}.Release|Any CPU.ActiveCfg = Release|Any CPU
		{3900BAB2-8541-4C2C-9C99-486B39FCB868}.Release|Any CPU.Build.0 = Release|Any CPU
	EndGlobalSection
	GlobalSection(SolutionProperties) = preSolution
		HideSolutionNode = FALSE
	EndGlobalSection
	GlobalSection(ExtensibilityGlobals) = postSolution
		SolutionGuid = {5348E413-23A7-4863-88DF-7F931B2DD611}
	EndGlobalSection
EndGlobal
